
Microsoft Visual Studio Solution File, Format Version 12.00
# Visual Studio Version 16
VisualStudioVersion = 16.0.32413.511
MinimumVisualStudioVersion = 10.0.40219.1
Project("{FAE04EC0-301F-11D3-BF4B-00C04F79EFBC}") = "Number of Provinces", "Number of Provinces\Number of Provinces.csproj", "{62378E0A-EF50-44A4-91AC-882E426971A2}"
EndProject
Global
	GlobalSection(SolutionConfigurationPlatforms) = preSolution
		Debug|Any CPU = Debug|Any CPU
		Release|Any CPU = Release|Any CPU
	EndGlobalSection
	GlobalSection(ProjectConfigurationPlatforms) = postSolution
		{62378E0A-EF50-44A4-91AC-882E426971A2}.Debug|Any CPU.ActiveCfg = Debug|Any CPU
		{62378E0A-EF50-44A4-91AC-882E426971A2}.Debug|Any CPU.Build.0 = Debug|Any CPU
		{62378E0A-EF50-44A4-91AC-882E426971A2}.Release|Any CPU.ActiveCfg = Release|Any CPU
		{62378E0A-EF50-44A4-91AC-882E426971A2}.Release|Any CPU.Build.0 = Release|Any CPU
	EndGlobalSection
	GlobalSection(SolutionProperties) = preSolution
		HideSolutionNode = FALSE
	EndGlobalSection
	GlobalSection(ExtensibilityGlobals) = postSolution
		SolutionGuid = {5E28A89E-9C23-4823-828A-5A03A63920A7}
	EndGlobalSection
EndGlobal
